// !$*UTF8*$!
{
	archiveVersion = 1;
	classes = {
	};
	objectVersion = 46;
	objects = {

/* Begin PBXBuildFile section */
		89401D271BB38804007C194B /* AppDelegate.swift in Sources */ = {isa = PBXBuildFile; fileRef = 89401D261BB38804007C194B /* AppDelegate.swift */; };
		89401D291BB38804007C194B /* ViewController.swift in Sources */ = {isa = PBXBuildFile; fileRef = 89401D281BB38804007C194B /* ViewController.swift */; };
		89401D2C1BB38804007C194B /* Main.storyboard in Resources */ = {isa = PBXBuildFile; fileRef = 89401D2A1BB38804007C194B /* Main.storyboard */; };
		89401D2E1BB38804007C194B /* Assets.xcassets in Resources */ = {isa = PBXBuildFile; fileRef = 89401D2D1BB38804007C194B /* Assets.xcassets */; };
		89401D311BB38804007C194B /* LaunchScreen.storyboard in Resources */ = {isa = PBXBuildFile; fileRef = 89401D2F1BB38804007C194B /* LaunchScreen.storyboard */; };
		89401D3C1BB38804007C194B /* MapViewTests.swift in Sources */ = {isa = PBXBuildFile; fileRef = 89401D3B1BB38804007C194B /* MapViewTests.swift */; };
		89401D471BB38804007C194B /* MapViewUITests.swift in Sources */ = {isa = PBXBuildFile; fileRef = 89401D461BB38804007C194B /* MapViewUITests.swift */; };
		89401D561BB38836007C194B /* MapKit.framework in Frameworks */ = {isa = PBXBuildFile; fileRef = 89401D551BB38836007C194B /* MapKit.framework */; };
		89401D581BB3885A007C194B /* MapView.swift in Sources */ = {isa = PBXBuildFile; fileRef = 89401D571BB3885A007C194B /* MapView.swift */; settings = {ASSET_TAGS = (); }; };
		89401D5A1BB3886A007C194B /* MapView.xib in Resources */ = {isa = PBXBuildFile; fileRef = 89401D591BB3886A007C194B /* MapView.xib */; settings = {ASSET_TAGS = (); }; };
		89401D5C1BB39B61007C194B /* MapView.bundle in Resources */ = {isa = PBXBuildFile; fileRef = 89401D5B1BB39B61007C194B /* MapView.bundle */; settings = {ASSET_TAGS = (); }; };
/* End PBXBuildFile section */

/* Begin PBXContainerItemProxy section */
		89401D381BB38804007C194B /* PBXContainerItemProxy */ = {
			isa = PBXContainerItemProxy;
			containerPortal = 89401D1B1BB38804007C194B /* Project object */;
			proxyType = 1;
			remoteGlobalIDString = 89401D221BB38804007C194B;
			remoteInfo = MapView;
		};
		89401D431BB38804007C194B /* PBXContainerItemProxy */ = {
			isa = PBXContainerItemProxy;
			containerPortal = 89401D1B1BB38804007C194B /* Project object */;
			proxyType = 1;
			remoteGlobalIDString = 89401D221BB38804007C194B;
			remoteInfo = MapView;
		};
/* End PBXContainerItemProxy section */

/* Begin PBXFileReference section */
		89401D231BB38804007C194B /* MapView.app */ = {isa = PBXFileReference; explicitFileType = wrapper.application; includeInIndex = 0; path = MapView.app; sourceTree = BUILT_PRODUCTS_DIR; };
		89401D261BB38804007C194B /* AppDelegate.swift */ = {isa = PBXFileReference; lastKnownFileType = sourcecode.swift; path = AppDelegate.swift; sourceTree = "<group>"; };
		89401D281BB38804007C194B /* ViewController.swift */ = {isa = PBXFileReference; lastKnownFileType = sourcecode.swift; path = ViewController.swift; sourceTree = "<group>"; };
		89401D2B1BB38804007C194B /* Base */ = {isa = PBXFileReference; lastKnownFileType = file.storyboard; name = Base; path = Base.lproj/Main.storyboard; sourceTree = "<group>"; };
		89401D2D1BB38804007C194B /* Assets.xcassets */ = {isa = PBXFileReference; lastKnownFileType = folder.assetcatalog; path = Assets.xcassets; sourceTree = "<group>"; };
		89401D301BB38804007C194B /* Base */ = {isa = PBXFileReference; lastKnownFileType = file.storyboard; name = Base; path = Base.lproj/LaunchScreen.storyboard; sourceTree = "<group>"; };
		89401D321BB38804007C194B /* Info.plist */ = {isa = PBXFileReference; lastKnownFileType = text.plist.xml; path = Info.plist; sourceTree = "<group>"; };
		89401D371BB38804007C194B /* MapViewTests.xctest */ = {isa = PBXFileReference; explicitFileType = wrapper.cfbundle; includeInIndex = 0; path = MapViewTests.xctest; sourceTree = BUILT_PRODUCTS_DIR; };
		89401D3B1BB38804007C194B /* MapViewTests.swift */ = {isa = PBXFileReference; lastKnownFileType = sourcecode.swift; path = MapViewTests.swift; sourceTree = "<group>"; };
		89401D3D1BB38804007C194B /* Info.plist */ = {isa = PBXFileReference; lastKnownFileType = text.plist.xml; path = Info.plist; sourceTree = "<group>"; };
		89401D421BB38804007C194B /* MapViewUITests.xctest */ = {isa = PBXFileReference; explicitFileType = wrapper.cfbundle; includeInIndex = 0; path = MapViewUITests.xctest; sourceTree = BUILT_PRODUCTS_DIR; };
		89401D461BB38804007C194B /* MapViewUITests.swift */ = {isa = PBXFileReference; lastKnownFileType = sourcecode.swift; path = MapViewUITests.swift; sourceTree = "<group>"; };
		89401D481BB38804007C194B /* Info.plist */ = {isa = PBXFileReference; lastKnownFileType = text.plist.xml; path = Info.plist; sourceTree = "<group>"; };
		89401D551BB38836007C194B /* MapKit.framework */ = {isa = PBXFileReference; lastKnownFileType = wrapper.framework; name = MapKit.framework; path = System/Library/Frameworks/MapKit.framework; sourceTree = SDKROOT; };
		89401D571BB3885A007C194B /* MapView.swift */ = {isa = PBXFileReference; fileEncoding = 4; lastKnownFileType = sourcecode.swift; path = MapView.swift; sourceTree = "<group>"; };
		89401D591BB3886A007C194B /* MapView.xib */ = {isa = PBXFileReference; fileEncoding = 4; lastKnownFileType = file.xib; path = MapView.xib; sourceTree = "<group>"; };
		89401D5B1BB39B61007C194B /* MapView.bundle */ = {isa = PBXFileReference; lastKnownFileType = "wrapper.plug-in"; path = MapView.bundle; sourceTree = "<group>"; };
/* End PBXFileReference section */

/* Begin PBXFrameworksBuildPhase section */
		89401D201BB38804007C194B /* Frameworks */ = {
			isa = PBXFrameworksBuildPhase;
			buildActionMask = 2147483647;
			files = (
				89401D561BB38836007C194B /* MapKit.framework in Frameworks */,
			);
			runOnlyForDeploymentPostprocessing = 0;
		};
		89401D341BB38804007C194B /* Frameworks */ = {
			isa = PBXFrameworksBuildPhase;
			buildActionMask = 2147483647;
			files = (
			);
			runOnlyForDeploymentPostprocessing = 0;
		};
		89401D3F1BB38804007C194B /* Frameworks */ = {
			isa = PBXFrameworksBuildPhase;
			buildActionMask = 2147483647;
			files = (
			);
			runOnlyForDeploymentPostprocessing = 0;
		};
/* End PBXFrameworksBuildPhase section */

/* Begin PBXGroup section */
		89401D1A1BB38804007C194B = {
			isa = PBXGroup;
			children = (
				89401D251BB38804007C194B /* MapView */,
				89401D3A1BB38804007C194B /* MapViewTests */,
				89401D451BB38804007C194B /* MapViewUITests */,
				89401D241BB38804007C194B /* Products */,
			);
			sourceTree = "<group>";
		};
		89401D241BB38804007C194B /* Products */ = {
			isa = PBXGroup;
			children = (
				89401D231BB38804007C194B /* MapView.app */,
				89401D371BB38804007C194B /* MapViewTests.xctest */,
				89401D421BB38804007C194B /* MapViewUITests.xctest */,
			);
			name = Products;
			sourceTree = "<group>";
		};
		89401D251BB38804007C194B /* MapView */ = {
			isa = PBXGroup;
			children = (
				89401D541BB3882E007C194B /* MapView */,
				89401D261BB38804007C194B /* AppDelegate.swift */,
				89401D281BB38804007C194B /* ViewController.swift */,
				89401D2A1BB38804007C194B /* Main.storyboard */,
				89401D2D1BB38804007C194B /* Assets.xcassets */,
				89401D2F1BB38804007C194B /* LaunchScreen.storyboard */,
				89401D321BB38804007C194B /* Info.plist */,
				89401D551BB38836007C194B /* MapKit.framework */,
			);
			path = MapView;
			sourceTree = "<group>";
		};
		89401D3A1BB38804007C194B /* MapViewTests */ = {
			isa = PBXGroup;
			children = (
				89401D3B1BB38804007C194B /* MapViewTests.swift */,
				89401D3D1BB38804007C194B /* Info.plist */,
			);
			path = MapViewTests;
			sourceTree = "<group>";
		};
		89401D451BB38804007C194B /* MapViewUITests */ = {
			isa = PBXGroup;
			children = (
				89401D461BB38804007C194B /* MapViewUITests.swift */,
				89401D481BB38804007C194B /* Info.plist */,
			);
			path = MapViewUITests;
			sourceTree = "<group>";
		};
		89401D541BB3882E007C194B /* MapView */ = {
			isa = PBXGroup;
			children = (
				89401D5B1BB39B61007C194B /* MapView.bundle */,
				89401D571BB3885A007C194B /* MapView.swift */,
				89401D591BB3886A007C194B /* MapView.xib */,
			);
			path = MapView;
			sourceTree = "<group>";
		};
/* End PBXGroup section */

/* Begin PBXNativeTarget section */
		89401D221BB38804007C194B /* MapView */ = {
			isa = PBXNativeTarget;
			buildConfigurationList = 89401D4B1BB38804007C194B /* Build configuration list for PBXNativeTarget "MapView" */;
			buildPhases = (
				89401D1F1BB38804007C194B /* Sources */,
				89401D201BB38804007C194B /* Frameworks */,
				89401D211BB38804007C194B /* Resources */,
			);
			buildRules = (
			);
			dependencies = (
			);
			name = MapView;
			productName = MapView;
			productReference = 89401D231BB38804007C194B /* MapView.app */;
			productType = "com.apple.product-type.application";
		};
		89401D361BB38804007C194B /* MapViewTests */ = {
			isa = PBXNativeTarget;
			buildConfigurationList = 89401D4E1BB38804007C194B /* Build configuration list for PBXNativeTarget "MapViewTests" */;
			buildPhases = (
				89401D331BB38804007C194B /* Sources */,
				89401D341BB38804007C194B /* Frameworks */,
				89401D351BB38804007C194B /* Resources */,
			);
			buildRules = (
			);
			dependencies = (
				89401D391BB38804007C194B /* PBXTargetDependency */,
			);
			name = MapViewTests;
			productName = MapViewTests;
			productReference = 89401D371BB38804007C194B /* MapViewTests.xctest */;
			productType = "com.apple.product-type.bundle.unit-test";
		};
		89401D411BB38804007C194B /* MapViewUITests */ = {
			isa = PBXNativeTarget;
			buildConfigurationList = 89401D511BB38804007C194B /* Build configuration list for PBXNativeTarget "MapViewUITests" */;
			buildPhases = (
				89401D3E1BB38804007C194B /* Sources */,
				89401D3F1BB38804007C194B /* Frameworks */,
				89401D401BB38804007C194B /* Resources */,
			);
			buildRules = (
			);
			dependencies = (
				89401D441BB38804007C194B /* PBXTargetDependency */,
			);
			name = MapViewUITests;
			productName = MapViewUITests;
			productReference = 89401D421BB38804007C194B /* MapViewUITests.xctest */;
			productType = "com.apple.product-type.bundle.ui-testing";
		};
/* End PBXNativeTarget section */

/* Begin PBXProject section */
		89401D1B1BB38804007C194B /* Project object */ = {
			isa = PBXProject;
			attributes = {
				LastUpgradeCheck = 0700;
				ORGANIZATIONNAME = "冯成林";
				TargetAttributes = {
					89401D221BB38804007C194B = {
						CreatedOnToolsVersion = 7.0;
					};
					89401D361BB38804007C194B = {
						CreatedOnToolsVersion = 7.0;
						TestTargetID = 89401D221BB38804007C194B;
					};
					89401D411BB38804007C194B = {
						CreatedOnToolsVersion = 7.0;
						TestTargetID = 89401D221BB38804007C194B;
					};
				};
			};
			buildConfigurationList = 89401D1E1BB38804007C194B /* Build configuration list for PBXProject "MapView" */;
			compatibilityVersion = "Xcode 3.2";
			developmentRegion = English;
			hasScannedForEncodings = 0;
			knownRegions = (
				en,
				Base,
			);
			mainGroup = 89401D1A1BB38804007C194B;
			productRefGroup = 89401D241BB38804007C194B /* Products */;
			projectDirPath = "";
			projectRoot = "";
			targets = (
				89401D221BB38804007C194B /* MapView */,
				89401D361BB38804007C194B /* MapViewTests */,
				89401D411BB38804007C194B /* MapViewUITests */,
			);
		};
/* End PBXProject section */

/* Begin PBXResourcesBuildPhase section */
		89401D211BB38804007C194B /* Resources */ = {
			isa = PBXResourcesBuildPhase;
			buildActionMask = 2147483647;
			files = (
				89401D311BB38804007C194B /* LaunchScreen.storyboard in Resources */,
				89401D5A1BB3886A007C194B /* MapView.xib in Resources */,
				89401D2E1BB38804007C194B /* Assets.xcassets in Resources */,
				89401D5C1BB39B61007C194B /* MapView.bundle in Resources */,
				89401D2C1BB38804007C194B /* Main.storyboard in Resources */,
			);
			runOnlyForDeploymentPostprocessing = 0;
		};
		89401D351BB38804007C194B /* Resources */ = {
			isa = PBXResourcesBuildPhase;
			buildActionMask = 2147483647;
			files = (
			);
			runOnlyForDeploymentPostprocessing = 0;
		};
		89401D401BB38804007C194B /* Resources */ = {
			isa = PBXResourcesBuildPhase;
			buildActionMask = 2147483647;
			files = (
			);
			runOnlyForDeploymentPostprocessing = 0;
		};
/* End PBXResourcesBuildPhase section */

/* Begin PBXSourcesBuildPhase section */
		89401D1F1BB38804007C194B /* Sources */ = {
			isa = PBXSourcesBuildPhase;
			buildActionMask = 2147483647;
			files = (
				89401D291BB38804007C194B /* ViewController.swift in Sources */,
				89401D581BB3885A007C194B /* MapView.swift in Sources */,
				89401D271BB38804007C194B /* AppDelegate.swift in Sources */,
			);
			runOnlyForDeploymentPostprocessing = 0;
		};
		89401D331BB38804007C194B /* Sources */ = {
			isa = PBXSourcesBuildPhase;
			buildActionMask = 2147483647;
			files = (
				89401D3C1BB38804007C194B /* MapViewTests.swift in Sources */,
			);
			runOnlyForDeploymentPostprocessing = 0;
		};
		89401D3E1BB38804007C194B /* Sources */ = {
			isa = PBXSourcesBuildPhase;
			buildActionMask = 2147483647;
			files = (
				89401D471BB38804007C194B /* MapViewUITests.swift in Sources */,
			);
			runOnlyForDeploymentPostprocessing = 0;
		};
/* End PBXSourcesBuildPhase section */

/* Begin PBXTargetDependency section */
		89401D391BB38804007C194B /* PBXTargetDependency */ = {
			isa = PBXTargetDependency;
			target = 89401D221BB38804007C194B /* MapView */;
			targetProxy = 89401D381BB38804007C194B /* PBXContainerItemProxy */;
		};
		89401D441BB38804007C194B /* PBXTargetDependency */ = {
			isa = PBXTargetDependency;
			target = 89401D221BB38804007C194B /* MapView */;
			targetProxy = 89401D431BB38804007C194B /* PBXContainerItemProxy */;
		};
/* End PBXTargetDependency section */

/* Begin PBXVariantGroup section */
		89401D2A1BB38804007C194B /* Main.storyboard */ = {
			isa = PBXVariantGroup;
			children = (
				89401D2B1BB38804007C194B /* Base */,
			);
			name = Main.storyboard;
			sourceTree = "<group>";
		};
		89401D2F1BB38804007C194B /* LaunchScreen.storyboard */ = {
			isa = PBXVariantGroup;
			children = (
				89401D301BB38804007C194B /* Base */,
			);
			name = LaunchScreen.storyboard;
			sourceTree = "<group>";
		};
/* End PBXVariantGroup section */

/* Begin XCBuildConfiguration section */
		89401D491BB38804007C194B /* Debug */ = {
			isa = XCBuildConfiguration;
			buildSettings = {
				ALWAYS_SEARCH_USER_PATHS = NO;
				CLANG_CXX_LANGUAGE_STANDARD = "gnu++0x";
				CLANG_CXX_LIBRARY = "libc++";
				CLANG_ENABLE_MODULES = YES;
				CLANG_ENABLE_OBJC_ARC = YES;
				CLANG_WARN_BOOL_CONVERSION = YES;
				CLANG_WARN_CONSTANT_CONVERSION = YES;
				CLANG_WARN_DIRECT_OBJC_ISA_USAGE = YES_ERROR;
				CLANG_WARN_EMPTY_BODY = YES;
				CLANG_WARN_ENUM_CONVERSION = YES;
				CLANG_WARN_INT_CONVERSION = YES;
				CLANG_WARN_OBJC_ROOT_CLASS = YES_ERROR;
				CLANG_WARN_UNREACHABLE_CODE = YES;
				CLANG_WARN__DUPLICATE_METHOD_MATCH = YES;
				"CODE_SIGN_IDENTITY[sdk=iphoneos*]" = "iPhone Developer";
				COPY_PHASE_STRIP = NO;
				DEBUG_INFORMATION_FORMAT = dwarf;
				ENABLE_STRICT_OBJC_MSGSEND = YES;
				ENABLE_TESTABILITY = YES;
				GCC_C_LANGUAGE_STANDARD = gnu99;
				GCC_DYNAMIC_NO_PIC = NO;
				GCC_NO_COMMON_BLOCKS = YES;
				GCC_OPTIMIZATION_LEVEL = 0;
				GCC_PREPROCESSOR_DEFINITIONS = (
					"DEBUG=1",
					"$(inherited)",
				);
				GCC_WARN_64_TO_32_BIT_CONVERSION = YES;
				GCC_WARN_ABOUT_RETURN_TYPE = YES_ERROR;
				GCC_WARN_UNDECLARED_SELECTOR = YES;
				GCC_WARN_UNINITIALIZED_AUTOS = YES_AGGRESSIVE;
				GCC_WARN_UNUSED_FUNCTION = YES;
				GCC_WARN_UNUSED_VARIABLE = YES;
				IPHONEOS_DEPLOYMENT_TARGET = 9.0;
				MTL_ENABLE_DEBUG_INFO = YES;
				ONLY_ACTIVE_ARCH = YES;
				SDKROOT = iphoneos;
				SWIFT_OPTIMIZATION_LEVEL = "-Onone";
			};
			name = Debug;
		};
		89401D4A1BB38804007C194B /* Release */ = {
			isa = XCBuildConfiguration;
			buildSettings = {
				ALWAYS_SEARCH_USER_PATHS = NO;
				CLANG_CXX_LANGUAGE_STANDARD = "gnu++0x";
				CLANG_CXX_LIBRARY = "libc++";
				CLANG_ENABLE_MODULES = YES;
				CLANG_ENABLE_OBJC_ARC = YES;
				CLANG_WARN_BOOL_CONVERSION = YES;
				CLANG_WARN_CONSTANT_CONVERSION = YES;
				CLANG_WARN_DIRECT_OBJC_ISA_USAGE = YES_ERROR;
				CLANG_WARN_EMPTY_BODY = YES;
				CLANG_WARN_ENUM_CONVERSION = YES;
				CLANG_WARN_INT_CONVERSION = YES;
				CLANG_WARN_OBJC_ROOT_CLASS = YES_ERROR;
				CLANG_WARN_UNREACHABLE_CODE = YES;
				CLANG_WARN__DUPLICATE_METHOD_MATCH = YES;
				"CODE_SIGN_IDENTITY[sdk=iphoneos*]" = "iPhone Developer";
				COPY_PHASE_STRIP = NO;
				DEBUG_INFORMATION_FORMAT = "dwarf-with-dsym";
				ENABLE_NS_ASSERTIONS = NO;
				ENABLE_STRICT_OBJC_MSGSEND = YES;
				GCC_C_LANGUAGE_STANDARD = gnu99;
				GCC_NO_COMMON_BLOCKS = YES;
				GCC_WARN_64_TO_32_BIT_CONVERSION = YES;
				GCC_WARN_ABOUT_RETURN_TYPE = YES_ERROR;
				GCC_WARN_UNDECLARED_SELECTOR = YES;
				GCC_WARN_UNINITIALIZED_AUTOS = YES_AGGRESSIVE;
				GCC_WARN_UNUSED_FUNCTION = YES;
				GCC_WARN_UNUSED_VARIABLE = YES;
				IPHONEOS_DEPLOYMENT_TARGET = 9.0;
				MTL_ENABLE_DEBUG_INFO = NO;
				SDKROOT = iphoneos;
				VALIDATE_PRODUCT = YES;
			};
			name = Release;
		};
		89401D4C1BB38804007C194B /* Debug */ = {
			isa = XCBuildConfiguration;
			buildSettings = {
				ASSETCATALOG_COMPILER_APPICON_NAME = AppIcon;
				INFOPLIST_FILE = MapView/Info.plist;
				IPHONEOS_DEPLOYMENT_TARGET = 7.1;
				LD_RUNPATH_SEARCH_PATHS = "$(inherited) @executable_path/Frameworks";
				PRODUCT_BUNDLE_IDENTIFIER = cn.Charlin.MapView;
				PRODUCT_NAME = "$(TARGET_NAME)";
			};
			name = Debug;
		};
		89401D4D1BB38804007C194B /* Release */ = {
			isa = XCBuildConfiguration;
			buildSettings = {
				ASSETCATALOG_COMPILER_APPICON_NAME = AppIcon;
				INFOPLIST_FILE = MapView/Info.plist;
				IPHONEOS_DEPLOYMENT_TARGET = 7.1;
				LD_RUNPATH_SEARCH_PATHS = "$(inherited) @executable_path/Frameworks";
				PRODUCT_BUNDLE_IDENTIFIER = cn.Charlin.MapView;
				PRODUCT_NAME = "$(TARGET_NAME)";
			};
			name = Release;
		};
		89401D4F1BB38804007C194B /* Debug */ = {
			isa = XCBuildConfiguration;
			buildSettings = {
				BUNDLE_LOADER = "$(TEST_HOST)";
				INFOPLIST_FILE = MapViewTests/Info.plist;
				LD_RUNPATH_SEARCH_PATHS = "$(inherited) @executable_path/Frameworks @loader_path/Frameworks";
				PRODUCT_BUNDLE_IDENTIFIER = cn.Charlin.MapViewTests;
				PRODUCT_NAME = "$(TARGET_NAME)";
				TEST_HOST = "$(BUILT_PRODUCTS_DIR)/MapView.app/MapView";
			};
			name = Debug;
		};
		89401D501BB38804007C194B /* Release */ = {
			isa = XCBuildConfiguration;
			buildSettings = {
				BUNDLE_LOADER = "$(TEST_HOST)";
				INFOPLIST_FILE = MapViewTests/Info.plist;
				LD_RUNPATH_SEARCH_PATHS = "$(inherited) @executable_path/Frameworks @loader_path/Frameworks";
				PRODUCT_BUNDLE_IDENTIFIER = cn.Charlin.MapViewTests;
				PRODUCT_NAME = "$(TARGET_NAME)";
				TEST_HOST = "$(BUILT_PRODUCTS_DIR)/MapView.app/MapView";
			};
			name = Release;
		};
		89401D521BB38804007C194B /* Debug */ = {
			isa = XCBuildConfiguration;
			buildSettings = {
				INFOPLIST_FILE = MapViewUITests/Info.plist;
				LD_RUNPATH_SEARCH_PATHS = "$(inherited) @executable_path/Frameworks @loader_path/Frameworks";
				PRODUCT_BUNDLE_IDENTIFIER = cn.Charlin.MapViewUITests;
				PRODUCT_NAME = "$(TARGET_NAME)";
				TEST_TARGET_NAME = MapView;
				USES_XCTRUNNER = YES;
			};
			name = Debug;
		};
		89401D531BB38804007C194B /* Release */ = {
			isa = XCBuildConfiguration;
			buildSettings = {
				INFOPLIST_FILE = MapViewUITests/Info.plist;
				LD_RUNPATH_SEARCH_PATHS = "$(inherited) @executable_path/Frameworks @loader_path/Frameworks";
				PRODUCT_BUNDLE_IDENTIFIER = cn.Charlin.MapViewUITests;
				PRODUCT_NAME = "$(TARGET_NAME)";
				TEST_TARGET_NAME = MapView;
				USES_XCTRUNNER = YES;
			};
			name = Release;
		};
/* End XCBuildConfiguration section */

/* Begin XCConfigurationList section */
		89401D1E1BB38804007C194B /* Build configuration list for PBXProject "MapView" */ = {
			isa = XCConfigurationList;
			buildConfigurations = (
				89401D491BB38804007C194B /* Debug */,
				89401D4A1BB38804007C194B /* Release */,
			);
			defaultConfigurationIsVisible = 0;
			defaultConfigurationName = Release;
		};
		89401D4B1BB38804007C194B /* Build configuration list for PBXNativeTarget "MapView" */ = {
			isa = XCConfigurationList;
			buildConfigurations = (
				89401D4C1BB38804007C194B /* Debug */,
				89401D4D1BB38804007C194B /* Release */,
			);
			defaultConfigurationIsVisible = 0;
		};
		89401D4E1BB38804007C194B /* Build configuration list for PBXNativeTarget "MapViewTests" */ = {
			isa = XCConfigurationList;
			buildConfigurations = (
				89401D4F1BB38804007C194B /* Debug */,
				89401D501BB38804007C194B /* Release */,
			);
			defaultConfigurationIsVisible = 0;
		};
		89401D511BB38804007C194B /* Build configuration list for PBXNativeTarget "MapViewUITests" */ = {
			isa = XCConfigurationList;
			buildConfigurations = (
				89401D521BB38804007C194B /* Debug */,
				89401D531BB38804007C194B /* Release */,
			);
			defaultConfigurationIsVisible = 0;
		};
/* End XCConfigurationList section */
	};
	rootObject = 89401D1B1BB38804007C194B /* Project object */;
}
